// !$*UTF8*$!
{
	archiveVersion = 1;
	classes = {
	};
	objectVersion = 46;
	objects = {

/* Begin PBXBuildFile section */
		1918BDF1138A5B8C0097B25C /* UIKit.framework in Frameworks */ = {isa = PBXBuildFile; fileRef = 1918BDF0138A5B8C0097B25C /* UIKit.framework */; };
		1918BDF3138A5B8C0097B25C /* Foundation.framework in Frameworks */ = {isa = PBXBuildFile; fileRef = 1918BDF2138A5B8C0097B25C /* Foundation.framework */; };
		1918BDF5138A5B8C0097B25C /* CoreGraphics.framework in Frameworks */ = {isa = PBXBuildFile; fileRef = 1918BDF4138A5B8C0097B25C /* CoreGraphics.framework */; };
		1918BDFB138A5B8C0097B25C /* InfoPlist.strings in Resources */ = {isa = PBXBuildFile; fileRef = 1918BDF9138A5B8C0097B25C /* InfoPlist.strings */; };
		1918BDFE138A5B8C0097B25C /* main.m in Sources */ = {isa = PBXBuildFile; fileRef = 1918BDFD138A5B8C0097B25C /* main.m */; };
		1918BE01138A5B8C0097B25C /* JSILAppDelegate.m in Sources */ = {isa = PBXBuildFile; fileRef = 1918BE00138A5B8C0097B25C /* JSILAppDelegate.m */; };
		1918BE07138A5B8C0097B25C /* JSILMainViewController.m in Sources */ = {isa = PBXBuildFile; fileRef = 1918BE06138A5B8C0097B25C /* JSILMainViewController.m */; };
		1918BE19138A5CD40097B25C /* JSImageLoader.m in Sources */ = {isa = PBXBuildFile; fileRef = 1918BE12138A5CD40097B25C /* JSImageLoader.m */; };
		193557D1138BBABA00C9B018 /* NSObject+Threading.m in Sources */ = {isa = PBXBuildFile; fileRef = 193557D0138BBABA00C9B018 /* NSObject+Threading.m */; };
		193557E2138BC60E00C9B018 /* JSILImageCell.m in Sources */ = {isa = PBXBuildFile; fileRef = 193557E1138BC60E00C9B018 /* JSILImageCell.m */; };
		71A646F7B52C4A72A9EB0B26 /* libPods.a in Frameworks */ = {isa = PBXBuildFile; fileRef = 1D1C805D8B5143588EA681BD /* libPods.a */; };
		B8A135D3189863D5000A2511 /* Main-iPhone.storyboard in Resources */ = {isa = PBXBuildFile; fileRef = B8A135D2189863D5000A2511 /* Main-iPhone.storyboard */; };
		B8A135D5189863F8000A2511 /* Images.xcassets in Resources */ = {isa = PBXBuildFile; fileRef = B8A135D4189863F8000A2511 /* Images.xcassets */; };
		B8A135D918987F8A000A2511 /* JSILCache.m in Sources */ = {isa = PBXBuildFile; fileRef = B8A135D818987F8A000A2511 /* JSILCache.m */; };
		B8A135DC18988137000A2511 /* JSILImage.m in Sources */ = {isa = PBXBuildFile; fileRef = B8A135DB18988137000A2511 /* JSILImage.m */; };
/* End PBXBuildFile section */

/* Begin PBXFileReference section */
		1918BDEC138A5B8C0097B25C /* JSImageLoader.app */ = {isa = PBXFileReference; explicitFileType = wrapper.application; includeInIndex = 0; path = JSImageLoader.app; sourceTree = BUILT_PRODUCTS_DIR; };
		1918BDF0138A5B8C0097B25C /* UIKit.framework */ = {isa = PBXFileReference; lastKnownFileType = wrapper.framework; name = UIKit.framework; path = System/Library/Frameworks/UIKit.framework; sourceTree = SDKROOT; };
		1918BDF2138A5B8C0097B25C /* Foundation.framework */ = {isa = PBXFileReference; lastKnownFileType = wrapper.framework; name = Foundation.framework; path = System/Library/Frameworks/Foundation.framework; sourceTree = SDKROOT; };
		1918BDF4138A5B8C0097B25C /* CoreGraphics.framework */ = {isa = PBXFileReference; lastKnownFileType = wrapper.framework; name = CoreGraphics.framework; path = System/Library/Frameworks/CoreGraphics.framework; sourceTree = SDKROOT; };
		1918BDF8138A5B8C0097B25C /* JSImageLoader-Info.plist */ = {isa = PBXFileReference; lastKnownFileType = text.plist.xml; path = "JSImageLoader-Info.plist"; sourceTree = "<group>"; };
		1918BDFA138A5B8C0097B25C /* en */ = {isa = PBXFileReference; lastKnownFileType = text.plist.strings; name = en; path = en.lproj/InfoPlist.strings; sourceTree = "<group>"; };
		1918BDFC138A5B8C0097B25C /* JSImageLoader-Prefix.pch */ = {isa = PBXFileReference; lastKnownFileType = sourcecode.c.h; path = "JSImageLoader-Prefix.pch"; sourceTree = "<group>"; };
		1918BDFD138A5B8C0097B25C /* main.m */ = {isa = PBXFileReference; lastKnownFileType = sourcecode.c.objc; path = main.m; sourceTree = "<group>"; };
		1918BDFF138A5B8C0097B25C /* JSILAppDelegate.h */ = {isa = PBXFileReference; lastKnownFileType = sourcecode.c.h; path = JSILAppDelegate.h; sourceTree = "<group>"; };
		1918BE00138A5B8C0097B25C /* JSILAppDelegate.m */ = {isa = PBXFileReference; lastKnownFileType = sourcecode.c.objc; path = JSILAppDelegate.m; sourceTree = "<group>"; };
		1918BE05138A5B8C0097B25C /* JSILMainViewController.h */ = {isa = PBXFileReference; lastKnownFileType = sourcecode.c.h; path = JSILMainViewController.h; sourceTree = "<group>"; };
		1918BE06138A5B8C0097B25C /* JSILMainViewController.m */ = {isa = PBXFileReference; lastKnownFileType = sourcecode.c.objc; path = JSILMainViewController.m; sourceTree = "<group>"; };
		1918BE11138A5CD40097B25C /* JSImageLoader.h */ = {isa = PBXFileReference; fileEncoding = 4; lastKnownFileType = sourcecode.c.h; path = JSImageLoader.h; sourceTree = "<group>"; };
		1918BE12138A5CD40097B25C /* JSImageLoader.m */ = {isa = PBXFileReference; fileEncoding = 4; lastKnownFileType = sourcecode.c.objc; path = JSImageLoader.m; sourceTree = "<group>"; wrapsLines = 0; };
		193557CF138BBAB900C9B018 /* NSObject+Threading.h */ = {isa = PBXFileReference; fileEncoding = 4; lastKnownFileType = sourcecode.c.h; path = "NSObject+Threading.h"; sourceTree = "<group>"; };
		193557D0138BBABA00C9B018 /* NSObject+Threading.m */ = {isa = PBXFileReference; fileEncoding = 4; lastKnownFileType = sourcecode.c.objc; path = "NSObject+Threading.m"; sourceTree = "<group>"; };
		193557E0138BC60E00C9B018 /* JSILImageCell.h */ = {isa = PBXFileReference; fileEncoding = 4; lastKnownFileType = sourcecode.c.h; path = JSILImageCell.h; sourceTree = "<group>"; };
		193557E1138BC60E00C9B018 /* JSILImageCell.m */ = {isa = PBXFileReference; fileEncoding = 4; lastKnownFileType = sourcecode.c.objc; path = JSILImageCell.m; sourceTree = "<group>"; };
		1D1C805D8B5143588EA681BD /* libPods.a */ = {isa = PBXFileReference; explicitFileType = archive.ar; includeInIndex = 0; path = libPods.a; sourceTree = BUILT_PRODUCTS_DIR; };
		21599DC6D169465CA17B9F1A /* Pods.xcconfig */ = {isa = PBXFileReference; includeInIndex = 1; lastKnownFileType = text.xcconfig; name = Pods.xcconfig; path = Pods/Pods.xcconfig; sourceTree = "<group>"; };
		B8A135D2189863D5000A2511 /* Main-iPhone.storyboard */ = {isa = PBXFileReference; fileEncoding = 4; lastKnownFileType = file.storyboard; path = "Main-iPhone.storyboard"; sourceTree = "<group>"; };
		B8A135D4189863F8000A2511 /* Images.xcassets */ = {isa = PBXFileReference; lastKnownFileType = folder.assetcatalog; path = Images.xcassets; sourceTree = "<group>"; };
		B8A135D718987F8A000A2511 /* JSILCache.h */ = {isa = PBXFileReference; fileEncoding = 4; lastKnownFileType = sourcecode.c.h; path = JSILCache.h; sourceTree = "<group>"; };
		B8A135D818987F8A000A2511 /* JSILCache.m */ = {isa = PBXFileReference; fileEncoding = 4; lastKnownFileType = sourcecode.c.objc; path = JSILCache.m; sourceTree = "<group>"; };
		B8A135DA18988137000A2511 /* JSILImage.h */ = {isa = PBXFileReference; fileEncoding = 4; lastKnownFileType = sourcecode.c.h; path = JSILImage.h; sourceTree = "<group>"; };
		B8A135DB18988137000A2511 /* JSILImage.m */ = {isa = PBXFileReference; fileEncoding = 4; lastKnownFileType = sourcecode.c.objc; path = JSILImage.m; sourceTree = "<group>"; };
/* End PBXFileReference section */

/* Begin PBXFrameworksBuildPhase section */
		1918BDE9138A5B8C0097B25C /* Frameworks */ = {
			isa = PBXFrameworksBuildPhase;
			buildActionMask = 2147483647;
			files = (
				1918BDF1138A5B8C0097B25C /* UIKit.framework in Frameworks */,
				1918BDF3138A5B8C0097B25C /* Foundation.framework in Frameworks */,
				1918BDF5138A5B8C0097B25C /* CoreGraphics.framework in Frameworks */,
				71A646F7B52C4A72A9EB0B26 /* libPods.a in Frameworks */,
			);
			runOnlyForDeploymentPostprocessing = 0;
		};
/* End PBXFrameworksBuildPhase section */

/* Begin PBXGroup section */
		1918BDE1138A5B8C0097B25C = {
			isa = PBXGroup;
			children = (
				1918BDF6138A5B8C0097B25C /* JSImageLoader */,
				1918BDEF138A5B8C0097B25C /* Frameworks */,
				1918BDED138A5B8C0097B25C /* Products */,
				21599DC6D169465CA17B9F1A /* Pods.xcconfig */,
			);
			sourceTree = "<group>";
		};
		1918BDED138A5B8C0097B25C /* Products */ = {
			isa = PBXGroup;
			children = (
				1918BDEC138A5B8C0097B25C /* JSImageLoader.app */,
			);
			name = Products;
			sourceTree = "<group>";
		};
		1918BDEF138A5B8C0097B25C /* Frameworks */ = {
			isa = PBXGroup;
			children = (
				1918BDF0138A5B8C0097B25C /* UIKit.framework */,
				1918BDF2138A5B8C0097B25C /* Foundation.framework */,
				1918BDF4138A5B8C0097B25C /* CoreGraphics.framework */,
				1D1C805D8B5143588EA681BD /* libPods.a */,
			);
			name = Frameworks;
			sourceTree = "<group>";
		};
		1918BDF6138A5B8C0097B25C /* JSImageLoader */ = {
			isa = PBXGroup;
			children = (
				1965E4B4138D7C1F0009EA4D /* Categories */,
				1918BE10138A5CC50097B25C /* JSImageLoader */,
				1918BDFF138A5B8C0097B25C /* JSILAppDelegate.h */,
				1918BE00138A5B8C0097B25C /* JSILAppDelegate.m */,
				1918BE05138A5B8C0097B25C /* JSILMainViewController.h */,
				1918BE06138A5B8C0097B25C /* JSILMainViewController.m */,
				193557E0138BC60E00C9B018 /* JSILImageCell.h */,
				193557E1138BC60E00C9B018 /* JSILImageCell.m */,
				B8A135D4189863F8000A2511 /* Images.xcassets */,
				1918BDF7138A5B8C0097B25C /* Supporting Files */,
			);
			path = JSImageLoader;
			sourceTree = "<group>";
		};
		1918BDF7138A5B8C0097B25C /* Supporting Files */ = {
			isa = PBXGroup;
			children = (
				1918BDF8138A5B8C0097B25C /* JSImageLoader-Info.plist */,
				1918BDF9138A5B8C0097B25C /* InfoPlist.strings */,
				1918BDFC138A5B8C0097B25C /* JSImageLoader-Prefix.pch */,
				1918BDFD138A5B8C0097B25C /* main.m */,
				B8A135D2189863D5000A2511 /* Main-iPhone.storyboard */,
			);
			name = "Supporting Files";
			sourceTree = "<group>";
		};
		1918BE10138A5CC50097B25C /* JSImageLoader */ = {
			isa = PBXGroup;
			children = (
				1918BE11138A5CD40097B25C /* JSImageLoader.h */,
				1918BE12138A5CD40097B25C /* JSImageLoader.m */,
				B8A135D718987F8A000A2511 /* JSILCache.h */,
				B8A135D818987F8A000A2511 /* JSILCache.m */,
				B8A135DA18988137000A2511 /* JSILImage.h */,
				B8A135DB18988137000A2511 /* JSILImage.m */,
			);
			name = JSImageLoader;
			sourceTree = "<group>";
		};
		1965E4B4138D7C1F0009EA4D /* Categories */ = {
			isa = PBXGroup;
			children = (
				193557CF138BBAB900C9B018 /* NSObject+Threading.h */,
				193557D0138BBABA00C9B018 /* NSObject+Threading.m */,
			);
			name = Categories;
			sourceTree = "<group>";
		};
/* End PBXGroup section */

/* Begin PBXNativeTarget section */
		1918BDEB138A5B8C0097B25C /* JSImageLoader */ = {
			isa = PBXNativeTarget;
			buildConfigurationList = 1918BE0D138A5B8C0097B25C /* Build configuration list for PBXNativeTarget "JSImageLoader" */;
			buildPhases = (
				5629E33BB8C74A419F8B534D /* Check Pods Manifest.lock */,
				1918BDE8138A5B8C0097B25C /* Sources */,
				1918BDE9138A5B8C0097B25C /* Frameworks */,
				1918BDEA138A5B8C0097B25C /* Resources */,
				8726294C5BBF4B28B50FEF53 /* Copy Pods Resources */,
			);
			buildRules = (
			);
			dependencies = (
			);
			name = JSImageLoader;
			productName = JSImageCache;
			productReference = 1918BDEC138A5B8C0097B25C /* JSImageLoader.app */;
			productType = "com.apple.product-type.application";
		};
/* End PBXNativeTarget section */

/* Begin PBXProject section */
		1918BDE3138A5B8C0097B25C /* Project object */ = {
			isa = PBXProject;
			attributes = {
				LastUpgradeCheck = 0500;
				TargetAttributes = {
					1918BDEB138A5B8C0097B25C = {
						DevelopmentTeam = 286DN3SPR7;
					};
				};
			};
			buildConfigurationList = 1918BDE6138A5B8C0097B25C /* Build configuration list for PBXProject "JSImageLoader" */;
			compatibilityVersion = "Xcode 3.2";
			developmentRegion = English;
			hasScannedForEncodings = 0;
			knownRegions = (
				en,
			);
			mainGroup = 1918BDE1138A5B8C0097B25C;
			productRefGroup = 1918BDED138A5B8C0097B25C /* Products */;
			projectDirPath = "";
			projectRoot = "";
			targets = (
				1918BDEB138A5B8C0097B25C /* JSImageLoader */,
			);
		};
/* End PBXProject section */

/* Begin PBXResourcesBuildPhase section */
		1918BDEA138A5B8C0097B25C /* Resources */ = {
			isa = PBXResourcesBuildPhase;
			buildActionMask = 2147483647;
			files = (
				1918BDFB138A5B8C0097B25C /* InfoPlist.strings in Resources */,
				B8A135D5189863F8000A2511 /* Images.xcassets in Resources */,
				B8A135D3189863D5000A2511 /* Main-iPhone.storyboard in Resources */,
			);
			runOnlyForDeploymentPostprocessing = 0;
		};
/* End PBXResourcesBuildPhase section */

/* Begin PBXShellScriptBuildPhase section */
		5629E33BB8C74A419F8B534D /* Check Pods Manifest.lock */ = {
			isa = PBXShellScriptBuildPhase;
			buildActionMask = 2147483647;
			files = (
			);
			inputPaths = (
			);
			name = "Check Pods Manifest.lock";
			outputPaths = (
			);
			runOnlyForDeploymentPostprocessing = 0;
			shellPath = /bin/sh;
			shellScript = "diff \"${PODS_ROOT}/../Podfile.lock\" \"${PODS_ROOT}/Manifest.lock\" > /dev/null\nif [[ $? != 0 ]] ; then\n    cat << EOM\nerror: The sandbox is not in sync with the Podfile.lock. Run 'pod install' or update your CocoaPods installation.\nEOM\n    exit 1\nfi\n";
			showEnvVarsInLog = 0;
		};
		8726294C5BBF4B28B50FEF53 /* Copy Pods Resources */ = {
			isa = PBXShellScriptBuildPhase;
			buildActionMask = 2147483647;
			files = (
			);
			inputPaths = (
			);
			name = "Copy Pods Resources";
			outputPaths = (
			);
			runOnlyForDeploymentPostprocessing = 0;
			shellPath = /bin/sh;
			shellScript = "\"${SRCROOT}/Pods/Pods-resources.sh\"\n";
			showEnvVarsInLog = 0;
		};
/* End PBXShellScriptBuildPhase section */

/* Begin PBXSourcesBuildPhase section */
		1918BDE8138A5B8C0097B25C /* Sources */ = {
			isa = PBXSourcesBuildPhase;
			buildActionMask = 2147483647;
			files = (
				1918BDFE138A5B8C0097B25C /* main.m in Sources */,
				1918BE01138A5B8C0097B25C /* JSILAppDelegate.m in Sources */,
				1918BE07138A5B8C0097B25C /* JSILMainViewController.m in Sources */,
				B8A135DC18988137000A2511 /* JSILImage.m in Sources */,
				1918BE19138A5CD40097B25C /* JSImageLoader.m in Sources */,
				193557D1138BBABA00C9B018 /* NSObject+Threading.m in Sources */,
				193557E2138BC60E00C9B018 /* JSILImageCell.m in Sources */,
				B8A135D918987F8A000A2511 /* JSILCache.m in Sources */,
			);
			runOnlyForDeploymentPostprocessing = 0;
		};
/* End PBXSourcesBuildPhase section */

/* Begin PBXVariantGroup section */
		1918BDF9138A5B8C0097B25C /* InfoPlist.strings */ = {
			isa = PBXVariantGroup;
			children = (
				1918BDFA138A5B8C0097B25C /* en */,
			);
			name = InfoPlist.strings;
			sourceTree = "<group>";
		};
/* End PBXVariantGroup section */

/* Begin XCBuildConfiguration section */
		1918BE0B138A5B8C0097B25C /* Debug */ = {
			isa = XCBuildConfiguration;
			buildSettings = {
				"CODE_SIGN_IDENTITY[sdk=iphoneos*]" = "iPhone Developer";
				GCC_C_LANGUAGE_STANDARD = gnu99;
				GCC_OPTIMIZATION_LEVEL = 0;
				GCC_PREPROCESSOR_DEFINITIONS = DEBUG;
				GCC_SYMBOLS_PRIVATE_EXTERN = NO;
				GCC_VERSION = com.apple.compilers.llvmgcc42;
				GCC_WARN_ABOUT_RETURN_TYPE = YES;
				GCC_WARN_UNUSED_VARIABLE = YES;
				IPHONEOS_DEPLOYMENT_TARGET = 6.0;
				ONLY_ACTIVE_ARCH = YES;
				SDKROOT = iphoneos;
			};
			name = Debug;
		};
		1918BE0C138A5B8C0097B25C /* Release */ = {
			isa = XCBuildConfiguration;
			buildSettings = {
				"CODE_SIGN_IDENTITY[sdk=iphoneos*]" = "iPhone Developer";
				GCC_C_LANGUAGE_STANDARD = gnu99;
				GCC_VERSION = com.apple.compilers.llvmgcc42;
				GCC_WARN_ABOUT_RETURN_TYPE = YES;
				GCC_WARN_UNUSED_VARIABLE = YES;
				IPHONEOS_DEPLOYMENT_TARGET = 6.0;
				OTHER_CFLAGS = "-DNS_BLOCK_ASSERTIONS=1";
				SDKROOT = iphoneos;
			};
			name = Release;
		};
		1918BE0E138A5B8C0097B25C /* Debug */ = {
			isa = XCBuildConfiguration;
			baseConfigurationReference = 21599DC6D169465CA17B9F1A /* Pods.xcconfig */;
			buildSettings = {
				ALWAYS_SEARCH_USER_PATHS = NO;
				ARCHS = "$(ARCHS_STANDARD_INCLUDING_64_BIT)";
				ASSETCATALOG_COMPILER_APPICON_NAME = AppIcon;
				ASSETCATALOG_COMPILER_LAUNCHIMAGE_NAME = LaunchImage;
				CLANG_ENABLE_MODULES = YES;
				CLANG_ENABLE_OBJC_ARC = YES;
				CODE_SIGN_IDENTITY = "iPhone Developer";
				COPY_PHASE_STRIP = NO;
				GCC_DYNAMIC_NO_PIC = NO;
				GCC_PRECOMPILE_PREFIX_HEADER = YES;
				GCC_PREFIX_HEADER = "JSImageLoader/JSImageLoader-Prefix.pch";
				GCC_VERSION = "";
				INFOPLIST_FILE = "JSImageLoader/JSImageLoader-Info.plist";
				IPHONEOS_DEPLOYMENT_TARGET = 6.0;
				PRODUCT_NAME = JSImageLoader;
				WRAPPER_EXTENSION = app;
			};
			name = Debug;
		};
		1918BE0F138A5B8C0097B25C /* Release */ = {
			isa = XCBuildConfiguration;
			baseConfigurationReference = 21599DC6D169465CA17B9F1A /* Pods.xcconfig */;
			buildSettings = {
				ALWAYS_SEARCH_USER_PATHS = NO;
				ARCHS = "$(ARCHS_STANDARD_INCLUDING_64_BIT)";
				ASSETCATALOG_COMPILER_APPICON_NAME = AppIcon;
				ASSETCATALOG_COMPILER_LAUNCHIMAGE_NAME = LaunchImage;
				CLANG_ENABLE_MODULES = YES;
				CLANG_ENABLE_OBJC_ARC = YES;
				CODE_SIGN_IDENTITY = "iPhone Developer";
				COPY_PHASE_STRIP = YES;
				GCC_PRECOMPILE_PREFIX_HEADER = YES;
				GCC_PREFIX_HEADER = "JSImageLoader/JSImageLoader-Prefix.pch";
				GCC_VERSION = "";
				INFOPLIST_FILE = "JSImageLoader/JSImageLoader-Info.plist";
				IPHONEOS_DEPLOYMENT_TARGET = 6.0;
				PRODUCT_NAME = JSImageLoader;
				VALIDATE_PRODUCT = YES;
				WRAPPER_EXTENSION = app;
			};
			name = Release;
		};
/* End XCBuildConfiguration section */

/* Begin XCConfigurationList section */
		1918BDE6138A5B8C0097B25C /* Build configuration list for PBXProject "JSImageLoader" */ = {
			isa = XCConfigurationList;
			buildConfigurations = (
				1918BE0B138A5B8C0097B25C /* Debug */,
				1918BE0C138A5B8C0097B25C /* Release */,
			);
			defaultConfigurationIsVisible = 0;
			defaultConfigurationName = Release;
		};
		1918BE0D138A5B8C0097B25C /* Build configuration list for PBXNativeTarget "JSImageLoader" */ = {
			isa = XCConfigurationList;
			buildConfigurations = (
				1918BE0E138A5B8C0097B25C /* Debug */,
				1918BE0F138A5B8C0097B25C /* Release */,
			);
			defaultConfigurationIsVisible = 0;
			defaultConfigurationName = Release;
		};
/* End XCConfigurationList section */
	};
	rootObject = 1918BDE3138A5B8C0097B25C /* Project object */;
}
