// !$*UTF8*$!
{
	archiveVersion = 1;
	classes = {
	};
	objectVersion = 46;
	objects = {

/* Begin PBXBuildFile section */
		1918BDF1138A5B8C0097B25C /* UIKit.framework in Frameworks */ = {isa = PBXBuildFile; fileRef = 1918BDF0138A5B8C0097B25C /* UIKit.framework */; };
		1918BDF3138A5B8C0097B25C /* Foundation.framework in Frameworks */ = {isa = PBXBuildFile; fileRef = 1918BDF2138A5B8C0097B25C /* Foundation.framework */; };
		1918BDF5138A5B8C0097B25C /* CoreGraphics.framework in Frameworks */ = {isa = PBXBuildFile; fileRef = 1918BDF4138A5B8C0097B25C /* CoreGraphics.framework */; };
		1918BDFB138A5B8C0097B25C /* InfoPlist.strings in Resources */ = {isa = PBXBuildFile; fileRef = 1918BDF9138A5B8C0097B25C /* InfoPlist.strings */; };
		1918BE07138A5B8C0097B25C /* JSILMainViewController.m in Sources */ = {isa = PBXBuildFile; fileRef = 1918BE06138A5B8C0097B25C /* JSILMainViewController.m */; };
		1918BE19138A5CD40097B25C /* JSImageLoader.m in Sources */ = {isa = PBXBuildFile; fileRef = 1918BE12138A5CD40097B25C /* JSImageLoader.m */; };
		193557D1138BBABA00C9B018 /* NSObject+Threading.m in Sources */ = {isa = PBXBuildFile; fileRef = 193557D0138BBABA00C9B018 /* NSObject+Threading.m */; };
		193557E2138BC60E00C9B018 /* JSILImageCell.m in Sources */ = {isa = PBXBuildFile; fileRef = 193557E1138BC60E00C9B018 /* JSILImageCell.m */; };
		B81E4BA6195B12D3009689C8 /* StringDigest.swift in Sources */ = {isa = PBXBuildFile; fileRef = B81E4BA5195B12D3009689C8 /* StringDigest.swift */; };
		B81E4BA7195B1706009689C8 /* ImageLoaderCache.swift in Sources */ = {isa = PBXBuildFile; fileRef = B8FF42B019599290009F7A7A /* ImageLoaderCache.swift */; };
		B81E4BA8195B1708009689C8 /* StringDigest.swift in Sources */ = {isa = PBXBuildFile; fileRef = B81E4BA5195B12D3009689C8 /* StringDigest.swift */; };
		B8674EC4195ABF1100706E58 /* StringDigestTests.swift in Sources */ = {isa = PBXBuildFile; fileRef = B8674EC3195ABF1100706E58 /* StringDigestTests.swift */; };
		B8674ECD195AC08400706E58 /* ImageLoader.swift in Sources */ = {isa = PBXBuildFile; fileRef = B8FF42AE1959845E009F7A7A /* ImageLoader.swift */; };
		B8A135D3189863D5000A2511 /* Main-iPhone.storyboard in Resources */ = {isa = PBXBuildFile; fileRef = B8A135D2189863D5000A2511 /* Main-iPhone.storyboard */; };
		B8A135D5189863F8000A2511 /* Images.xcassets in Resources */ = {isa = PBXBuildFile; fileRef = B8A135D4189863F8000A2511 /* Images.xcassets */; };
		B8A135D918987F8A000A2511 /* JSILCache.m in Sources */ = {isa = PBXBuildFile; fileRef = B8A135D818987F8A000A2511 /* JSILCache.m */; };
		B8ED1868189B0CC30043926C /* JSProfilingTimer.m in Sources */ = {isa = PBXBuildFile; fileRef = B8ED1867189B0CC30043926C /* JSProfilingTimer.m */; };
		B8FF42AD19597B38009F7A7A /* AppDelegate.swift in Sources */ = {isa = PBXBuildFile; fileRef = B8FF42AC19597B38009F7A7A /* AppDelegate.swift */; };
		B8FF42AF1959845E009F7A7A /* ImageLoader.swift in Sources */ = {isa = PBXBuildFile; fileRef = B8FF42AE1959845E009F7A7A /* ImageLoader.swift */; };
		B8FF42B119599290009F7A7A /* ImageLoaderCache.swift in Sources */ = {isa = PBXBuildFile; fileRef = B8FF42B019599290009F7A7A /* ImageLoaderCache.swift */; };
/* End PBXBuildFile section */

/* Begin PBXContainerItemProxy section */
		B8674EC5195ABF1100706E58 /* PBXContainerItemProxy */ = {
			isa = PBXContainerItemProxy;
			containerPortal = 1918BDE3138A5B8C0097B25C /* Project object */;
			proxyType = 1;
			remoteGlobalIDString = 1918BDEB138A5B8C0097B25C;
			remoteInfo = JSImageLoader;
		};
		B8674ECA195ABF1200706E58 /* PBXContainerItemProxy */ = {
			isa = PBXContainerItemProxy;
			containerPortal = 1918BDE3138A5B8C0097B25C /* Project object */;
			proxyType = 1;
			remoteGlobalIDString = 1918BDEB138A5B8C0097B25C;
			remoteInfo = JSImageLoader;
		};
/* End PBXContainerItemProxy section */

/* Begin PBXFileReference section */
		1918BDEC138A5B8C0097B25C /* JSImageLoader.app */ = {isa = PBXFileReference; explicitFileType = wrapper.application; includeInIndex = 0; path = JSImageLoader.app; sourceTree = BUILT_PRODUCTS_DIR; };
		1918BDF0138A5B8C0097B25C /* UIKit.framework */ = {isa = PBXFileReference; lastKnownFileType = wrapper.framework; name = UIKit.framework; path = System/Library/Frameworks/UIKit.framework; sourceTree = SDKROOT; };
		1918BDF2138A5B8C0097B25C /* Foundation.framework */ = {isa = PBXFileReference; lastKnownFileType = wrapper.framework; name = Foundation.framework; path = System/Library/Frameworks/Foundation.framework; sourceTree = SDKROOT; };
		1918BDF4138A5B8C0097B25C /* CoreGraphics.framework */ = {isa = PBXFileReference; lastKnownFileType = wrapper.framework; name = CoreGraphics.framework; path = System/Library/Frameworks/CoreGraphics.framework; sourceTree = SDKROOT; };
		1918BDF8138A5B8C0097B25C /* JSImageLoader-Info.plist */ = {isa = PBXFileReference; lastKnownFileType = text.plist.xml; path = "JSImageLoader-Info.plist"; sourceTree = "<group>"; };
		1918BDFA138A5B8C0097B25C /* en */ = {isa = PBXFileReference; lastKnownFileType = text.plist.strings; name = en; path = en.lproj/InfoPlist.strings; sourceTree = "<group>"; };
		1918BDFC138A5B8C0097B25C /* JSImageLoader-Prefix.pch */ = {isa = PBXFileReference; lastKnownFileType = sourcecode.c.h; path = "JSImageLoader-Prefix.pch"; sourceTree = "<group>"; };
		1918BE05138A5B8C0097B25C /* JSILMainViewController.h */ = {isa = PBXFileReference; lastKnownFileType = sourcecode.c.h; path = JSILMainViewController.h; sourceTree = "<group>"; };
		1918BE06138A5B8C0097B25C /* JSILMainViewController.m */ = {isa = PBXFileReference; lastKnownFileType = sourcecode.c.objc; path = JSILMainViewController.m; sourceTree = "<group>"; };
		1918BE11138A5CD40097B25C /* JSImageLoader.h */ = {isa = PBXFileReference; fileEncoding = 4; lastKnownFileType = sourcecode.c.h; path = JSImageLoader.h; sourceTree = "<group>"; };
		1918BE12138A5CD40097B25C /* JSImageLoader.m */ = {isa = PBXFileReference; fileEncoding = 4; lastKnownFileType = sourcecode.c.objc; path = JSImageLoader.m; sourceTree = "<group>"; wrapsLines = 0; };
		193557CF138BBAB900C9B018 /* NSObject+Threading.h */ = {isa = PBXFileReference; fileEncoding = 4; lastKnownFileType = sourcecode.c.h; path = "NSObject+Threading.h"; sourceTree = "<group>"; };
		193557D0138BBABA00C9B018 /* NSObject+Threading.m */ = {isa = PBXFileReference; fileEncoding = 4; lastKnownFileType = sourcecode.c.objc; path = "NSObject+Threading.m"; sourceTree = "<group>"; };
		193557E0138BC60E00C9B018 /* JSILImageCell.h */ = {isa = PBXFileReference; fileEncoding = 4; lastKnownFileType = sourcecode.c.h; path = JSILImageCell.h; sourceTree = "<group>"; };
		193557E1138BC60E00C9B018 /* JSILImageCell.m */ = {isa = PBXFileReference; fileEncoding = 4; lastKnownFileType = sourcecode.c.objc; path = JSILImageCell.m; sourceTree = "<group>"; };
		B81E4BA5195B12D3009689C8 /* StringDigest.swift */ = {isa = PBXFileReference; fileEncoding = 4; lastKnownFileType = sourcecode.swift; path = StringDigest.swift; sourceTree = "<group>"; };
		B8674EBF195ABF1100706E58 /* JSImageLoaderTests.xctest */ = {isa = PBXFileReference; explicitFileType = wrapper.cfbundle; includeInIndex = 0; path = JSImageLoaderTests.xctest; sourceTree = BUILT_PRODUCTS_DIR; };
		B8674EC2195ABF1100706E58 /* Info.plist */ = {isa = PBXFileReference; lastKnownFileType = text.plist.xml; path = Info.plist; sourceTree = "<group>"; };
		B8674EC3195ABF1100706E58 /* StringDigestTests.swift */ = {isa = PBXFileReference; lastKnownFileType = sourcecode.swift; path = StringDigestTests.swift; sourceTree = "<group>"; };
		B8A135D2189863D5000A2511 /* Main-iPhone.storyboard */ = {isa = PBXFileReference; fileEncoding = 4; lastKnownFileType = file.storyboard; path = "Main-iPhone.storyboard"; sourceTree = "<group>"; };
		B8A135D4189863F8000A2511 /* Images.xcassets */ = {isa = PBXFileReference; lastKnownFileType = folder.assetcatalog; path = Images.xcassets; sourceTree = "<group>"; };
		B8A135D718987F8A000A2511 /* JSILCache.h */ = {isa = PBXFileReference; fileEncoding = 4; lastKnownFileType = sourcecode.c.h; path = JSILCache.h; sourceTree = "<group>"; };
		B8A135D818987F8A000A2511 /* JSILCache.m */ = {isa = PBXFileReference; fileEncoding = 4; lastKnownFileType = sourcecode.c.objc; path = JSILCache.m; sourceTree = "<group>"; };
		B8ED1866189B0CC30043926C /* JSProfilingTimer.h */ = {isa = PBXFileReference; fileEncoding = 4; lastKnownFileType = sourcecode.c.h; path = JSProfilingTimer.h; sourceTree = "<group>"; };
		B8ED1867189B0CC30043926C /* JSProfilingTimer.m */ = {isa = PBXFileReference; fileEncoding = 4; lastKnownFileType = sourcecode.c.objc; path = JSProfilingTimer.m; sourceTree = "<group>"; };
		B8FF42AB19597B37009F7A7A /* JSImageLoader-Bridging-Header.h */ = {isa = PBXFileReference; lastKnownFileType = sourcecode.c.h; path = "JSImageLoader-Bridging-Header.h"; sourceTree = "<group>"; };
		B8FF42AC19597B38009F7A7A /* AppDelegate.swift */ = {isa = PBXFileReference; fileEncoding = 4; lastKnownFileType = sourcecode.swift; path = AppDelegate.swift; sourceTree = "<group>"; };
		B8FF42AE1959845E009F7A7A /* ImageLoader.swift */ = {isa = PBXFileReference; fileEncoding = 4; lastKnownFileType = sourcecode.swift; path = ImageLoader.swift; sourceTree = "<group>"; };
		B8FF42B019599290009F7A7A /* ImageLoaderCache.swift */ = {isa = PBXFileReference; fileEncoding = 4; lastKnownFileType = sourcecode.swift; path = ImageLoaderCache.swift; sourceTree = "<group>"; };
/* End PBXFileReference section */

/* Begin PBXFrameworksBuildPhase section */
		1918BDE9138A5B8C0097B25C /* Frameworks */ = {
			isa = PBXFrameworksBuildPhase;
			buildActionMask = 2147483647;
			files = (
				1918BDF1138A5B8C0097B25C /* UIKit.framework in Frameworks */,
				1918BDF3138A5B8C0097B25C /* Foundation.framework in Frameworks */,
				1918BDF5138A5B8C0097B25C /* CoreGraphics.framework in Frameworks */,
			);
			runOnlyForDeploymentPostprocessing = 0;
		};
		B8674EBC195ABF1100706E58 /* Frameworks */ = {
			isa = PBXFrameworksBuildPhase;
			buildActionMask = 2147483647;
			files = (
			);
			runOnlyForDeploymentPostprocessing = 0;
		};
/* End PBXFrameworksBuildPhase section */

/* Begin PBXGroup section */
		1918BDE1138A5B8C0097B25C = {
			isa = PBXGroup;
			children = (
				1918BDF6138A5B8C0097B25C /* JSImageLoader */,
				B8674EC0195ABF1100706E58 /* JSImageLoaderTests */,
				1918BDEF138A5B8C0097B25C /* Frameworks */,
				1918BDED138A5B8C0097B25C /* Products */,
			);
			sourceTree = "<group>";
		};
		1918BDED138A5B8C0097B25C /* Products */ = {
			isa = PBXGroup;
			children = (
				1918BDEC138A5B8C0097B25C /* JSImageLoader.app */,
				B8674EBF195ABF1100706E58 /* JSImageLoaderTests.xctest */,
			);
			name = Products;
			sourceTree = "<group>";
		};
		1918BDEF138A5B8C0097B25C /* Frameworks */ = {
			isa = PBXGroup;
			children = (
				1918BDF0138A5B8C0097B25C /* UIKit.framework */,
				1918BDF2138A5B8C0097B25C /* Foundation.framework */,
				1918BDF4138A5B8C0097B25C /* CoreGraphics.framework */,
			);
			name = Frameworks;
			sourceTree = "<group>";
		};
		1918BDF6138A5B8C0097B25C /* JSImageLoader */ = {
			isa = PBXGroup;
			children = (
				1965E4B4138D7C1F0009EA4D /* Categories */,
				1918BE10138A5CC50097B25C /* JSImageLoader */,
				B8FF42AC19597B38009F7A7A /* AppDelegate.swift */,
				1918BE05138A5B8C0097B25C /* JSILMainViewController.h */,
				1918BE06138A5B8C0097B25C /* JSILMainViewController.m */,
				193557E0138BC60E00C9B018 /* JSILImageCell.h */,
				193557E1138BC60E00C9B018 /* JSILImageCell.m */,
				B8ED1866189B0CC30043926C /* JSProfilingTimer.h */,
				B8ED1867189B0CC30043926C /* JSProfilingTimer.m */,
				B8A135D2189863D5000A2511 /* Main-iPhone.storyboard */,
				B8A135D4189863F8000A2511 /* Images.xcassets */,
				1918BDF7138A5B8C0097B25C /* Supporting Files */,
			);
			path = JSImageLoader;
			sourceTree = "<group>";
		};
		1918BDF7138A5B8C0097B25C /* Supporting Files */ = {
			isa = PBXGroup;
			children = (
				B8FF42AB19597B37009F7A7A /* JSImageLoader-Bridging-Header.h */,
				1918BDF8138A5B8C0097B25C /* JSImageLoader-Info.plist */,
				1918BDF9138A5B8C0097B25C /* InfoPlist.strings */,
				1918BDFC138A5B8C0097B25C /* JSImageLoader-Prefix.pch */,
			);
			name = "Supporting Files";
			sourceTree = "<group>";
		};
		1918BE10138A5CC50097B25C /* JSImageLoader */ = {
			isa = PBXGroup;
			children = (
				B81E4BA5195B12D3009689C8 /* StringDigest.swift */,
				B8FF42AE1959845E009F7A7A /* ImageLoader.swift */,
				B8FF42B019599290009F7A7A /* ImageLoaderCache.swift */,
				1918BE11138A5CD40097B25C /* JSImageLoader.h */,
				1918BE12138A5CD40097B25C /* JSImageLoader.m */,
				B8A135D718987F8A000A2511 /* JSILCache.h */,
				B8A135D818987F8A000A2511 /* JSILCache.m */,
			);
			name = JSImageLoader;
			path = ../Library;
			sourceTree = "<group>";
		};
		1965E4B4138D7C1F0009EA4D /* Categories */ = {
			isa = PBXGroup;
			children = (
				193557CF138BBAB900C9B018 /* NSObject+Threading.h */,
				193557D0138BBABA00C9B018 /* NSObject+Threading.m */,
			);
			name = Categories;
			sourceTree = "<group>";
		};
		B8674EC0195ABF1100706E58 /* JSImageLoaderTests */ = {
			isa = PBXGroup;
			children = (
				B8674EC3195ABF1100706E58 /* StringDigestTests.swift */,
				B8674EC1195ABF1100706E58 /* Supporting Files */,
			);
			path = JSImageLoaderTests;
			sourceTree = "<group>";
		};
		B8674EC1195ABF1100706E58 /* Supporting Files */ = {
			isa = PBXGroup;
			children = (
				B8674EC2195ABF1100706E58 /* Info.plist */,
			);
			name = "Supporting Files";
			sourceTree = "<group>";
		};
/* End PBXGroup section */

/* Begin PBXNativeTarget section */
		1918BDEB138A5B8C0097B25C /* JSImageLoader */ = {
			isa = PBXNativeTarget;
			buildConfigurationList = 1918BE0D138A5B8C0097B25C /* Build configuration list for PBXNativeTarget "JSImageLoader" */;
			buildPhases = (
				1918BDE8138A5B8C0097B25C /* Sources */,
				1918BDE9138A5B8C0097B25C /* Frameworks */,
				1918BDEA138A5B8C0097B25C /* Resources */,
			);
			buildRules = (
			);
			dependencies = (
			);
			name = JSImageLoader;
			productName = JSImageCache;
			productReference = 1918BDEC138A5B8C0097B25C /* JSImageLoader.app */;
			productType = "com.apple.product-type.application";
		};
		B8674EBE195ABF1100706E58 /* JSImageLoaderTests */ = {
			isa = PBXNativeTarget;
			buildConfigurationList = B8674EC7195ABF1100706E58 /* Build configuration list for PBXNativeTarget "JSImageLoaderTests" */;
			buildPhases = (
				B8674EBB195ABF1100706E58 /* Sources */,
				B8674EBC195ABF1100706E58 /* Frameworks */,
				B8674EBD195ABF1100706E58 /* Resources */,
			);
			buildRules = (
			);
			dependencies = (
				B8674EC6195ABF1100706E58 /* PBXTargetDependency */,
				B8674ECB195ABF1200706E58 /* PBXTargetDependency */,
			);
			name = JSImageLoaderTests;
			productName = JSImageLoaderTests;
			productReference = B8674EBF195ABF1100706E58 /* JSImageLoaderTests.xctest */;
			productType = "com.apple.product-type.bundle.unit-test";
		};
/* End PBXNativeTarget section */

/* Begin PBXProject section */
		1918BDE3138A5B8C0097B25C /* Project object */ = {
			isa = PBXProject;
			attributes = {
				LastUpgradeCheck = 0500;
				TargetAttributes = {
					1918BDEB138A5B8C0097B25C = {
						DevelopmentTeam = 286DN3SPR7;
					};
					B8674EBE195ABF1100706E58 = {
						CreatedOnToolsVersion = 6.0;
						TestTargetID = 1918BDEB138A5B8C0097B25C;
					};
				};
			};
			buildConfigurationList = 1918BDE6138A5B8C0097B25C /* Build configuration list for PBXProject "JSImageLoader" */;
			compatibilityVersion = "Xcode 3.2";
			developmentRegion = English;
			hasScannedForEncodings = 0;
			knownRegions = (
				en,
			);
			mainGroup = 1918BDE1138A5B8C0097B25C;
			productRefGroup = 1918BDED138A5B8C0097B25C /* Products */;
			projectDirPath = "";
			projectRoot = "";
			targets = (
				1918BDEB138A5B8C0097B25C /* JSImageLoader */,
				B8674EBE195ABF1100706E58 /* JSImageLoaderTests */,
			);
		};
/* End PBXProject section */

/* Begin PBXResourcesBuildPhase section */
		1918BDEA138A5B8C0097B25C /* Resources */ = {
			isa = PBXResourcesBuildPhase;
			buildActionMask = 2147483647;
			files = (
				1918BDFB138A5B8C0097B25C /* InfoPlist.strings in Resources */,
				B8A135D5189863F8000A2511 /* Images.xcassets in Resources */,
				B8A135D3189863D5000A2511 /* Main-iPhone.storyboard in Resources */,
			);
			runOnlyForDeploymentPostprocessing = 0;
		};
		B8674EBD195ABF1100706E58 /* Resources */ = {
			isa = PBXResourcesBuildPhase;
			buildActionMask = 2147483647;
			files = (
			);
			runOnlyForDeploymentPostprocessing = 0;
		};
/* End PBXResourcesBuildPhase section */

/* Begin PBXSourcesBuildPhase section */
		1918BDE8138A5B8C0097B25C /* Sources */ = {
			isa = PBXSourcesBuildPhase;
			buildActionMask = 2147483647;
			files = (
				B8ED1868189B0CC30043926C /* JSProfilingTimer.m in Sources */,
				B8FF42AD19597B38009F7A7A /* AppDelegate.swift in Sources */,
				1918BE07138A5B8C0097B25C /* JSILMainViewController.m in Sources */,
				B8FF42B119599290009F7A7A /* ImageLoaderCache.swift in Sources */,
				B81E4BA6195B12D3009689C8 /* StringDigest.swift in Sources */,
				1918BE19138A5CD40097B25C /* JSImageLoader.m in Sources */,
				193557D1138BBABA00C9B018 /* NSObject+Threading.m in Sources */,
				193557E2138BC60E00C9B018 /* JSILImageCell.m in Sources */,
				B8FF42AF1959845E009F7A7A /* ImageLoader.swift in Sources */,
				B8A135D918987F8A000A2511 /* JSILCache.m in Sources */,
			);
			runOnlyForDeploymentPostprocessing = 0;
		};
		B8674EBB195ABF1100706E58 /* Sources */ = {
			isa = PBXSourcesBuildPhase;
			buildActionMask = 2147483647;
			files = (
				B81E4BA8195B1708009689C8 /* StringDigest.swift in Sources */,
				B81E4BA7195B1706009689C8 /* ImageLoaderCache.swift in Sources */,
				B8674EC4195ABF1100706E58 /* StringDigestTests.swift in Sources */,
				B8674ECD195AC08400706E58 /* ImageLoader.swift in Sources */,
			);
			runOnlyForDeploymentPostprocessing = 0;
		};
/* End PBXSourcesBuildPhase section */

/* Begin PBXTargetDependency section */
		B8674EC6195ABF1100706E58 /* PBXTargetDependency */ = {
			isa = PBXTargetDependency;
			target = 1918BDEB138A5B8C0097B25C /* JSImageLoader */;
			targetProxy = B8674EC5195ABF1100706E58 /* PBXContainerItemProxy */;
		};
		B8674ECB195ABF1200706E58 /* PBXTargetDependency */ = {
			isa = PBXTargetDependency;
			target = 1918BDEB138A5B8C0097B25C /* JSImageLoader */;
			targetProxy = B8674ECA195ABF1200706E58 /* PBXContainerItemProxy */;
		};
/* End PBXTargetDependency section */

/* Begin PBXVariantGroup section */
		1918BDF9138A5B8C0097B25C /* InfoPlist.strings */ = {
			isa = PBXVariantGroup;
			children = (
				1918BDFA138A5B8C0097B25C /* en */,
			);
			name = InfoPlist.strings;
			sourceTree = "<group>";
		};
/* End PBXVariantGroup section */

/* Begin XCBuildConfiguration section */
		1918BE0B138A5B8C0097B25C /* Debug */ = {
			isa = XCBuildConfiguration;
			buildSettings = {
				CODE_SIGN_IDENTITY = "iPhone Developer";
				GCC_C_LANGUAGE_STANDARD = gnu99;
				GCC_OPTIMIZATION_LEVEL = 0;
				GCC_PREPROCESSOR_DEFINITIONS = DEBUG;
				GCC_SYMBOLS_PRIVATE_EXTERN = NO;
				GCC_WARN_ABOUT_RETURN_TYPE = YES;
				GCC_WARN_SHADOW = YES;
				GCC_WARN_UNUSED_VARIABLE = YES;
				IPHONEOS_DEPLOYMENT_TARGET = 6.0;
				ONLY_ACTIVE_ARCH = YES;
				SDKROOT = iphoneos;
			};
			name = Debug;
		};
		1918BE0C138A5B8C0097B25C /* Release */ = {
			isa = XCBuildConfiguration;
			buildSettings = {
				CODE_SIGN_IDENTITY = "iPhone Distribution";
				GCC_C_LANGUAGE_STANDARD = gnu99;
				GCC_WARN_ABOUT_RETURN_TYPE = YES;
				GCC_WARN_SHADOW = YES;
				GCC_WARN_UNUSED_VARIABLE = YES;
				IPHONEOS_DEPLOYMENT_TARGET = 6.0;
				OTHER_CFLAGS = "-DNS_BLOCK_ASSERTIONS=1";
				SDKROOT = iphoneos;
			};
			name = Release;
		};
		1918BE0E138A5B8C0097B25C /* Debug */ = {
			isa = XCBuildConfiguration;
			buildSettings = {
				ALWAYS_SEARCH_USER_PATHS = NO;
				ASSETCATALOG_COMPILER_APPICON_NAME = AppIcon;
				ASSETCATALOG_COMPILER_LAUNCHIMAGE_NAME = LaunchImage;
				CLANG_ENABLE_MODULES = YES;
				CLANG_ENABLE_OBJC_ARC = YES;
				COPY_PHASE_STRIP = NO;
				FRAMEWORK_SEARCH_PATHS = (
					"$(inherited)",
					"$(DEVELOPER_FRAMEWORKS_DIR)",
					"$(DEVELOPER_DIR)/Platforms/iPhoneSimulator.platform/Developer/Library/Frameworks",
				);
				GCC_DYNAMIC_NO_PIC = NO;
				GCC_PRECOMPILE_PREFIX_HEADER = YES;
				GCC_PREFIX_HEADER = "JSImageLoader/JSImageLoader-Prefix.pch";
				INFOPLIST_FILE = "JSImageLoader/JSImageLoader-Info.plist";
				IPHONEOS_DEPLOYMENT_TARGET = 7.1;
				LD_RUNPATH_SEARCH_PATHS = "$(inherited) @executable_path/Frameworks";
				PRODUCT_NAME = JSImageLoader;
				SWIFT_OBJC_BRIDGING_HEADER = "JSImageLoader/JSImageLoader-Bridging-Header.h";
				SWIFT_OPTIMIZATION_LEVEL = "-Onone";
				WRAPPER_EXTENSION = app;
			};
			name = Debug;
		};
		1918BE0F138A5B8C0097B25C /* Release */ = {
			isa = XCBuildConfiguration;
			buildSettings = {
				ALWAYS_SEARCH_USER_PATHS = NO;
				ASSETCATALOG_COMPILER_APPICON_NAME = AppIcon;
				ASSETCATALOG_COMPILER_LAUNCHIMAGE_NAME = LaunchImage;
				CLANG_ENABLE_MODULES = YES;
				CLANG_ENABLE_OBJC_ARC = YES;
				COPY_PHASE_STRIP = YES;
				FRAMEWORK_SEARCH_PATHS = (
					"$(inherited)",
					"$(DEVELOPER_FRAMEWORKS_DIR)",
					"$(DEVELOPER_DIR)/Platforms/iPhoneSimulator.platform/Developer/Library/Frameworks",
				);
				GCC_PRECOMPILE_PREFIX_HEADER = YES;
				GCC_PREFIX_HEADER = "JSImageLoader/JSImageLoader-Prefix.pch";
				INFOPLIST_FILE = "JSImageLoader/JSImageLoader-Info.plist";
				IPHONEOS_DEPLOYMENT_TARGET = 7.1;
				LD_RUNPATH_SEARCH_PATHS = "$(inherited) @executable_path/Frameworks";
				PRODUCT_NAME = JSImageLoader;
				SWIFT_OBJC_BRIDGING_HEADER = "JSImageLoader/JSImageLoader-Bridging-Header.h";
				VALIDATE_PRODUCT = YES;
				WRAPPER_EXTENSION = app;
			};
			name = Release;
		};
		B8674EC8195ABF1100706E58 /* Debug */ = {
			isa = XCBuildConfiguration;
			buildSettings = {
				ALWAYS_SEARCH_USER_PATHS = NO;
				BUNDLE_LOADER = "$(BUILT_PRODUCTS_DIR)/JSImageLoader.app/JSImageLoader";
				CLANG_CXX_LANGUAGE_STANDARD = "gnu++0x";
				CLANG_CXX_LIBRARY = "libc++";
				CLANG_ENABLE_MODULES = YES;
				CLANG_ENABLE_OBJC_ARC = YES;
				CLANG_WARN_BOOL_CONVERSION = YES;
				CLANG_WARN_CONSTANT_CONVERSION = YES;
				CLANG_WARN_DIRECT_OBJC_ISA_USAGE = YES_ERROR;
				CLANG_WARN_EMPTY_BODY = YES;
				CLANG_WARN_ENUM_CONVERSION = YES;
				CLANG_WARN_INT_CONVERSION = YES;
				CLANG_WARN_OBJC_ROOT_CLASS = YES_ERROR;
				CLANG_WARN_UNREACHABLE_CODE = YES;
				CLANG_WARN__DUPLICATE_METHOD_MATCH = YES;
				COPY_PHASE_STRIP = NO;
				ENABLE_STRICT_OBJC_MSGSEND = YES;
				FRAMEWORK_SEARCH_PATHS = (
					"$(SDKROOT)/Developer/Library/Frameworks",
					"$(inherited)",
				);
				GCC_DYNAMIC_NO_PIC = NO;
				GCC_PREPROCESSOR_DEFINITIONS = (
					"DEBUG=1",
					"$(inherited)",
				);
				GCC_WARN_64_TO_32_BIT_CONVERSION = YES;
				GCC_WARN_ABOUT_RETURN_TYPE = YES_ERROR;
				GCC_WARN_UNDECLARED_SELECTOR = YES;
				GCC_WARN_UNINITIALIZED_AUTOS = YES_AGGRESSIVE;
				GCC_WARN_UNUSED_FUNCTION = YES;
				INFOPLIST_FILE = JSImageLoaderTests/Info.plist;
				IPHONEOS_DEPLOYMENT_TARGET = 8.0;
				LD_RUNPATH_SEARCH_PATHS = "$(inherited) @executable_path/Frameworks @loader_path/Frameworks";
				METAL_ENABLE_DEBUG_INFO = YES;
				PRODUCT_NAME = "$(TARGET_NAME)";
				SWIFT_OBJC_BRIDGING_HEADER = "JSImageLoader/JSImageLoader-Bridging-Header.h";
				SWIFT_OPTIMIZATION_LEVEL = "-Onone";
				TEST_HOST = "$(BUNDLE_LOADER)";
			};
			name = Debug;
		};
		B8674EC9195ABF1100706E58 /* Release */ = {
			isa = XCBuildConfiguration;
			buildSettings = {
				ALWAYS_SEARCH_USER_PATHS = NO;
				BUNDLE_LOADER = "$(BUILT_PRODUCTS_DIR)/JSImageLoader.app/JSImageLoader";
				CLANG_CXX_LANGUAGE_STANDARD = "gnu++0x";
				CLANG_CXX_LIBRARY = "libc++";
				CLANG_ENABLE_MODULES = YES;
				CLANG_ENABLE_OBJC_ARC = YES;
				CLANG_WARN_BOOL_CONVERSION = YES;
				CLANG_WARN_CONSTANT_CONVERSION = YES;
				CLANG_WARN_DIRECT_OBJC_ISA_USAGE = YES_ERROR;
				CLANG_WARN_EMPTY_BODY = YES;
				CLANG_WARN_ENUM_CONVERSION = YES;
				CLANG_WARN_INT_CONVERSION = YES;
				CLANG_WARN_OBJC_ROOT_CLASS = YES_ERROR;
				CLANG_WARN_UNREACHABLE_CODE = YES;
				CLANG_WARN__DUPLICATE_METHOD_MATCH = YES;
				COPY_PHASE_STRIP = YES;
				ENABLE_NS_ASSERTIONS = NO;
				ENABLE_STRICT_OBJC_MSGSEND = YES;
				FRAMEWORK_SEARCH_PATHS = (
					"$(SDKROOT)/Developer/Library/Frameworks",
					"$(inherited)",
				);
				GCC_WARN_64_TO_32_BIT_CONVERSION = YES;
				GCC_WARN_ABOUT_RETURN_TYPE = YES_ERROR;
				GCC_WARN_UNDECLARED_SELECTOR = YES;
				GCC_WARN_UNINITIALIZED_AUTOS = YES_AGGRESSIVE;
				GCC_WARN_UNUSED_FUNCTION = YES;
				INFOPLIST_FILE = JSImageLoaderTests/Info.plist;
				IPHONEOS_DEPLOYMENT_TARGET = 8.0;
				LD_RUNPATH_SEARCH_PATHS = "$(inherited) @executable_path/Frameworks @loader_path/Frameworks";
				METAL_ENABLE_DEBUG_INFO = NO;
				PRODUCT_NAME = "$(TARGET_NAME)";
				SWIFT_OBJC_BRIDGING_HEADER = "JSImageLoader/JSImageLoader-Bridging-Header.h";
				TEST_HOST = "$(BUNDLE_LOADER)";
				VALIDATE_PRODUCT = YES;
			};
			name = Release;
		};
/* End XCBuildConfiguration section */

/* Begin XCConfigurationList section */
		1918BDE6138A5B8C0097B25C /* Build configuration list for PBXProject "JSImageLoader" */ = {
			isa = XCConfigurationList;
			buildConfigurations = (
				1918BE0B138A5B8C0097B25C /* Debug */,
				1918BE0C138A5B8C0097B25C /* Release */,
			);
			defaultConfigurationIsVisible = 0;
			defaultConfigurationName = Release;
		};
		1918BE0D138A5B8C0097B25C /* Build configuration list for PBXNativeTarget "JSImageLoader" */ = {
			isa = XCConfigurationList;
			buildConfigurations = (
				1918BE0E138A5B8C0097B25C /* Debug */,
				1918BE0F138A5B8C0097B25C /* Release */,
			);
			defaultConfigurationIsVisible = 0;
			defaultConfigurationName = Release;
		};
		B8674EC7195ABF1100706E58 /* Build configuration list for PBXNativeTarget "JSImageLoaderTests" */ = {
			isa = XCConfigurationList;
			buildConfigurations = (
				B8674EC8195ABF1100706E58 /* Debug */,
				B8674EC9195ABF1100706E58 /* Release */,
			);
			defaultConfigurationIsVisible = 0;
			defaultConfigurationName = Release;
		};
/* End XCConfigurationList section */
	};
	rootObject = 1918BDE3138A5B8C0097B25C /* Project object */;
}
